
Microsoft Visual Studio Solution File, Format Version 12.00
# Visual Studio 15
VisualStudioVersion = 15.0.28307.136
MinimumVisualStudioVersion = 10.0.40219.1
Project("{FAE04EC0-301F-11D3-BF4B-00C04F79EFBC}") = "AutomatedUnitTesting", "AutomatedUnitTesting\AutomatedUnitTesting.csproj", "{94EB9E39-020E-4DFF-87F4-7E501141949D}"
EndProject
Global
	GlobalSection(SolutionConfigurationPlatforms) = preSolution
		Debug|Any CPU = Debug|Any CPU
		Release|Any CPU = Release|Any CPU
	EndGlobalSection
	GlobalSection(ProjectConfigurationPlatforms) = postSolution
		{94EB9E39-020E-4DFF-87F4-7E501141949D}.Debug|Any CPU.ActiveCfg = Debug|Any CPU
		{94EB9E39-020E-4DFF-87F4-7E501141949D}.Debug|Any CPU.Build.0 = Debug|Any CPU
		{94EB9E39-020E-4DFF-87F4-7E501141949D}.Release|Any CPU.ActiveCfg = Release|Any CPU
		{94EB9E39-020E-4DFF-87F4-7E501141949D}.Release|Any CPU.Build.0 = Release|Any CPU
	EndGlobalSection
	GlobalSection(SolutionProperties) = preSolution
		HideSolutionNode = FALSE
	EndGlobalSection
	GlobalSection(ExtensibilityGlobals) = postSolution
		SolutionGuid = {485CD15B-6C13-46FD-9EFD-83DD3B413D26}
	EndGlobalSection
EndGlobal
